
Microsoft Visual Studio Solution File, Format Version 12.00
# Visual Studio Version 17
VisualStudioVersion = 17.12.35323.107
MinimumVisualStudioVersion = 10.0.40219.1
Project("{8BC9CEB8-8B4A-11D0-8D11-00A0C91BC942}") = "Mubeen & Talha's (Assignment-1)", "Mubeen & Talha's (Assignment-1).vcxproj", "{095574D5-F8AB-4613-9D24-F3BECAE003B2}"
EndProject
Global
	GlobalSection(SolutionConfigurationPlatforms) = preSolution
		Debug|x64 = Debug|x64
		Debug|x86 = Debug|x86
		Release|x64 = Release|x64
		Release|x86 = Release|x86
	EndGlobalSection
	GlobalSection(ProjectConfigurationPlatforms) = postSolution
		{095574D5-F8AB-4613-9D24-F3BECAE003B2}.Debug|x64.ActiveCfg = Debug|x64
		{095574D5-F8AB-4613-9D24-F3BECAE003B2}.Debug|x64.Build.0 = Debug|x64
		{095574D5-F8AB-4613-9D24-F3BECAE003B2}.Debug|x86.ActiveCfg = Debug|Win32
		{095574D5-F8AB-4613-9D24-F3BECAE003B2}.Debug|x86.Build.0 = Debug|Win32
		{095574D5-F8AB-4613-9D24-F3BECAE003B2}.Release|x64.ActiveCfg = Release|x64
		{095574D5-F8AB-4613-9D24-F3BECAE003B2}.Release|x64.Build.0 = Release|x64
		{095574D5-F8AB-4613-9D24-F3BECAE003B2}.Release|x86.ActiveCfg = Release|Win32
		{095574D5-F8AB-4613-9D24-F3BECAE003B2}.Release|x86.Build.0 = Release|Win32
	EndGlobalSection
	GlobalSection(SolutionProperties) = preSolution
		HideSolutionNode = FALSE
	EndGlobalSection
	GlobalSection(ExtensibilityGlobals) = postSolution
		SolutionGuid = {7AE2B297-4CEB-40AF-B61F-4D1CD549BE8B}
	EndGlobalSection
EndGlobal
